
Microsoft Visual Studio Solution File, Format Version 12.00
# Visual Studio 14
VisualStudioVersion = 14.0.24720.0
MinimumVisualStudioVersion = 10.0.40219.1
Project("{FAE04EC0-301F-11D3-BF4B-00C04F79EFBC}") = "Flash Assistant", "FlashAssistant\Flash Assistant.csproj", "{BC3637E9-A022-4DF9-82A2-1B0E3D0D6A8E}"
EndProject
Global
	GlobalSection(SolutionConfigurationPlatforms) = preSolution
		Debug|Any CPU = Debug|Any CPU
		Release|Any CPU = Release|Any CPU
	EndGlobalSection
	GlobalSection(ProjectConfigurationPlatforms) = postSolution
		{BC3637E9-A022-4DF9-82A2-1B0E3D0D6A8E}.Debug|Any CPU.ActiveCfg = Debug|Any CPU
		{BC3637E9-A022-4DF9-82A2-1B0E3D0D6A8E}.Debug|Any CPU.Build.0 = Debug|Any CPU
		{BC3637E9-A022-4DF9-82A2-1B0E3D0D6A8E}.Release|Any CPU.ActiveCfg = Release|Any CPU
		{BC3637E9-A022-4DF9-82A2-1B0E3D0D6A8E}.Release|Any CPU.Build.0 = Release|Any CPU
	EndGlobalSection
	GlobalSection(SolutionProperties) = preSolution
		HideSolutionNode = FALSE
	EndGlobalSection
EndGlobal
